// !$*UTF8*$!
{
	archiveVersion = 1;
	classes = {
	};
	objectVersion = 46;
	objects = {

/* Begin PBXBuildFile section */
		814D477814B0B18B0078D6DD /* SNTime.cpp in Sources */ = {isa = PBXBuildFile; fileRef = 814D477614B0B18B0078D6DD /* SNTime.cpp */; };
		814D477914B0B18B0078D6DD /* SNTime.h in Headers */ = {isa = PBXBuildFile; fileRef = 814D477714B0B18B0078D6DD /* SNTime.h */; };
/* End PBXBuildFile section */

/* Begin PBXFileReference section */
		814D476214B0A3AA0078D6DD /* libsnaxlib.dylib */ = {isa = PBXFileReference; explicitFileType = "compiled.mach-o.dylib"; includeInIndex = 0; path = libsnaxlib.dylib; sourceTree = BUILT_PRODUCTS_DIR; };
		814D477314B0B18B0078D6DD /* snaxlib.xcodeproj */ = {isa = PBXFileReference; lastKnownFileType = "wrapper.pb-project"; path = snaxlib.xcodeproj; sourceTree = "<group>"; };
		814D477614B0B18B0078D6DD /* SNTime.cpp */ = {isa = PBXFileReference; fileEncoding = 4; lastKnownFileType = sourcecode.cpp.cpp; path = SNTime.cpp; sourceTree = "<group>"; };
		814D477714B0B18B0078D6DD /* SNTime.h */ = {isa = PBXFileReference; fileEncoding = 4; lastKnownFileType = sourcecode.c.h; path = SNTime.h; sourceTree = "<group>"; };
/* End PBXFileReference section */

/* Begin PBXFrameworksBuildPhase section */
		814D475F14B0A3AA0078D6DD /* Frameworks */ = {
			isa = PBXFrameworksBuildPhase;
			buildActionMask = 2147483647;
			files = (
			);
			runOnlyForDeploymentPostprocessing = 0;
		};
/* End PBXFrameworksBuildPhase section */

/* Begin PBXGroup section */
		814D475714B0A3AA0078D6DD = {
			isa = PBXGroup;
			children = (
				814D477114B0B18B0078D6DD /* snaxlib */,
				814D476314B0A3AA0078D6DD /* Products */,
			);
			sourceTree = "<group>";
		};
		814D476314B0A3AA0078D6DD /* Products */ = {
			isa = PBXGroup;
			children = (
				814D476214B0A3AA0078D6DD /* libsnaxlib.dylib */,
			);
			name = Products;
			sourceTree = "<group>";
		};
		814D477114B0B18B0078D6DD /* snaxlib */ = {
			isa = PBXGroup;
			children = (
				814D477214B0B18B0078D6DD /* snaxlib */,
				814D477314B0B18B0078D6DD /* snaxlib.xcodeproj */,
				814D477614B0B18B0078D6DD /* SNTime.cpp */,
				814D477714B0B18B0078D6DD /* SNTime.h */,
			);
			name = snaxlib;
			sourceTree = "<group>";
		};
		814D477214B0B18B0078D6DD /* snaxlib */ = {
			isa = PBXGroup;
			children = (
			);
			path = snaxlib;
			sourceTree = "<group>";
		};
		814D477414B0B18B0078D6DD /* Products */ = {
			isa = PBXGroup;
			name = Products;
			sourceTree = "<group>";
		};
/* End PBXGroup section */

/* Begin PBXHeadersBuildPhase section */
		814D476014B0A3AA0078D6DD /* Headers */ = {
			isa = PBXHeadersBuildPhase;
			buildActionMask = 2147483647;
			files = (
				814D477914B0B18B0078D6DD /* SNTime.h in Headers */,
			);
			runOnlyForDeploymentPostprocessing = 0;
		};
/* End PBXHeadersBuildPhase section */

/* Begin PBXNativeTarget section */
		814D476114B0A3AA0078D6DD /* snaxlib */ = {
			isa = PBXNativeTarget;
			buildConfigurationList = 814D476614B0A3AA0078D6DD /* Build configuration list for PBXNativeTarget "snaxlib" */;
			buildPhases = (
				814D475E14B0A3AA0078D6DD /* Sources */,
				814D475F14B0A3AA0078D6DD /* Frameworks */,
				814D476014B0A3AA0078D6DD /* Headers */,
			);
			buildRules = (
			);
			dependencies = (
			);
			name = snaxlib;
			productName = snaxlib;
			productReference = 814D476214B0A3AA0078D6DD /* libsnaxlib.dylib */;
			productType = "com.apple.product-type.library.dynamic";
		};
/* End PBXNativeTarget section */

/* Begin PBXProject section */
		814D475914B0A3AA0078D6DD /* Project object */ = {
			isa = PBXProject;
			attributes = {
				LastUpgradeCheck = 0420;
			};
			buildConfigurationList = 814D475C14B0A3AA0078D6DD /* Build configuration list for PBXProject "snaxlib" */;
			compatibilityVersion = "Xcode 3.2";
			developmentRegion = English;
			hasScannedForEncodings = 0;
			knownRegions = (
				en,
			);
			mainGroup = 814D475714B0A3AA0078D6DD;
			productRefGroup = 814D476314B0A3AA0078D6DD /* Products */;
			projectDirPath = "";
			projectReferences = (
				{
					ProductGroup = 814D477414B0B18B0078D6DD /* Products */;
					ProjectRef = 814D477314B0B18B0078D6DD /* snaxlib.xcodeproj */;
				},
			);
			projectRoot = "";
			targets = (
				814D476114B0A3AA0078D6DD /* snaxlib */,
			);
		};
/* End PBXProject section */

/* Begin PBXSourcesBuildPhase section */
		814D475E14B0A3AA0078D6DD /* Sources */ = {
			isa = PBXSourcesBuildPhase;
			buildActionMask = 2147483647;
			files = (
				814D477814B0B18B0078D6DD /* SNTime.cpp in Sources */,
			);
			runOnlyForDeploymentPostprocessing = 0;
		};
/* End PBXSourcesBuildPhase section */

/* Begin XCBuildConfiguration section */
		814D476414B0A3AA0078D6DD /* Debug */ = {
			isa = XCBuildConfiguration;
			buildSettings = {
				ALWAYS_SEARCH_USER_PATHS = NO;
				ARCHS = "$(ARCHS_STANDARD_64_BIT)";
				COPY_PHASE_STRIP = NO;
				GCC_C_LANGUAGE_STANDARD = gnu99;
				GCC_DYNAMIC_NO_PIC = NO;
				GCC_ENABLE_OBJC_EXCEPTIONS = YES;
				GCC_OPTIMIZATION_LEVEL = 0;
				GCC_PREPROCESSOR_DEFINITIONS = (
					"DEBUG=1",
					"$(inherited)",
				);
				GCC_SYMBOLS_PRIVATE_EXTERN = NO;
				GCC_VERSION = com.apple.compilers.llvm.clang.1_0;
				GCC_WARN_64_TO_32_BIT_CONVERSION = YES;
				GCC_WARN_ABOUT_MISSING_PROTOTYPES = YES;
				GCC_WARN_ABOUT_RETURN_TYPE = YES;
				GCC_WARN_UNUSED_VARIABLE = YES;
				MACOSX_DEPLOYMENT_TARGET = 10.7;
				ONLY_ACTIVE_ARCH = YES;
				SDKROOT = macosx;
			};
			name = Debug;
		};
		814D476514B0A3AA0078D6DD /* Release */ = {
			isa = XCBuildConfiguration;
			buildSettings = {
				ALWAYS_SEARCH_USER_PATHS = NO;
				ARCHS = "$(ARCHS_STANDARD_64_BIT)";
				COPY_PHASE_STRIP = YES;
				DEBUG_INFORMATION_FORMAT = "dwarf-with-dsym";
				GCC_C_LANGUAGE_STANDARD = gnu99;
				GCC_ENABLE_OBJC_EXCEPTIONS = YES;
				GCC_VERSION = com.apple.compilers.llvm.clang.1_0;
				GCC_WARN_64_TO_32_BIT_CONVERSION = YES;
				GCC_WARN_ABOUT_MISSING_PROTOTYPES = YES;
				GCC_WARN_ABOUT_RETURN_TYPE = YES;
				GCC_WARN_UNUSED_VARIABLE = YES;
				MACOSX_DEPLOYMENT_TARGET = 10.7;
				SDKROOT = macosx;
			};
			name = Release;
		};
		814D476714B0A3AA0078D6DD /* Debug */ = {
			isa = XCBuildConfiguration;
			buildSettings = {
				EXECUTABLE_PREFIX = lib;
				PRODUCT_NAME = "$(TARGET_NAME)";
			};
			name = Debug;
		};
		814D476814B0A3AA0078D6DD /* Release */ = {
			isa = XCBuildConfiguration;
			buildSettings = {
				EXECUTABLE_PREFIX = lib;
				PRODUCT_NAME = "$(TARGET_NAME)";
			};
			name = Release;
		};
/* End XCBuildConfiguration section */

/* Begin XCConfigurationList section */
		814D475C14B0A3AA0078D6DD /* Build configuration list for PBXProject "snaxlib" */ = {
			isa = XCConfigurationList;
			buildConfigurations = (
				814D476414B0A3AA0078D6DD /* Debug */,
				814D476514B0A3AA0078D6DD /* Release */,
			);
			defaultConfigurationIsVisible = 0;
			defaultConfigurationName = Release;
		};
		814D476614B0A3AA0078D6DD /* Build configuration list for PBXNativeTarget "snaxlib" */ = {
			isa = XCConfigurationList;
			buildConfigurations = (
				814D476714B0A3AA0078D6DD /* Debug */,
				814D476814B0A3AA0078D6DD /* Release */,
			);
			defaultConfigurationIsVisible = 0;
		};
/* End XCConfigurationList section */
	};
	rootObject = 814D475914B0A3AA0078D6DD /* Project object */;
}
